// !$*UTF8*$!
{
	archiveVersion = 1;
	classes = {
	};
	objectVersion = 50;
	objects = {

/* Begin PBXBuildFile section */
		5B2FF77A22C91C47006998CB /* AppDelegate.swift in Sources */ = {isa = PBXBuildFile; fileRef = 5B2FF77922C91C47006998CB /* AppDelegate.swift */; };
		5B2FF77C22C91C47006998CB /* ViewController.swift in Sources */ = {isa = PBXBuildFile; fileRef = 5B2FF77B22C91C47006998CB /* ViewController.swift */; };
		5B2FF77F22C91C47006998CB /* Main.storyboard in Resources */ = {isa = PBXBuildFile; fileRef = 5B2FF77D22C91C47006998CB /* Main.storyboard */; };
		5B2FF78122C91C48006998CB /* Assets.xcassets in Resources */ = {isa = PBXBuildFile; fileRef = 5B2FF78022C91C48006998CB /* Assets.xcassets */; };
		5B2FF78422C91C48006998CB /* LaunchScreen.storyboard in Resources */ = {isa = PBXBuildFile; fileRef = 5B2FF78222C91C48006998CB /* LaunchScreen.storyboard */; };
		5B2FF78F22C91C48006998CB /* FirstAppleWatchTests.swift in Sources */ = {isa = PBXBuildFile; fileRef = 5B2FF78E22C91C48006998CB /* FirstAppleWatchTests.swift */; };
		5B2FF79A22C91C48006998CB /* FirstAppleWatchUITests.swift in Sources */ = {isa = PBXBuildFile; fileRef = 5B2FF79922C91C48006998CB /* FirstAppleWatchUITests.swift */; };
		5B2FF79F22C91C48006998CB /* FirstAppleWatch WatchKit App.app in Embed Watch Content */ = {isa = PBXBuildFile; fileRef = 5B2FF79E22C91C48006998CB /* FirstAppleWatch WatchKit App.app */; };
		5B2FF7A522C91C48006998CB /* Interface.storyboard in Resources */ = {isa = PBXBuildFile; fileRef = 5B2FF7A322C91C48006998CB /* Interface.storyboard */; };
		5B2FF7A722C91C49006998CB /* Assets.xcassets in Resources */ = {isa = PBXBuildFile; fileRef = 5B2FF7A622C91C49006998CB /* Assets.xcassets */; };
		5B2FF7AE22C91C49006998CB /* FirstAppleWatch WatchKit Extension.appex in Embed App Extensions */ = {isa = PBXBuildFile; fileRef = 5B2FF7AD22C91C49006998CB /* FirstAppleWatch WatchKit Extension.appex */; settings = {ATTRIBUTES = (RemoveHeadersOnCopy, ); }; };
		5B2FF7B322C91C49006998CB /* InterfaceController.swift in Sources */ = {isa = PBXBuildFile; fileRef = 5B2FF7B222C91C49006998CB /* InterfaceController.swift */; };
		5B2FF7B522C91C49006998CB /* ExtensionDelegate.swift in Sources */ = {isa = PBXBuildFile; fileRef = 5B2FF7B422C91C49006998CB /* ExtensionDelegate.swift */; };
		5B2FF7B722C91C49006998CB /* NotificationController.swift in Sources */ = {isa = PBXBuildFile; fileRef = 5B2FF7B622C91C49006998CB /* NotificationController.swift */; };
		5B2FF7B922C91C49006998CB /* Assets.xcassets in Resources */ = {isa = PBXBuildFile; fileRef = 5B2FF7B822C91C49006998CB /* Assets.xcassets */; };
/* End PBXBuildFile section */

/* Begin PBXContainerItemProxy section */
		5B2FF78B22C91C48006998CB /* PBXContainerItemProxy */ = {
			isa = PBXContainerItemProxy;
			containerPortal = 5B2FF76E22C91C47006998CB /* Project object */;
			proxyType = 1;
			remoteGlobalIDString = 5B2FF77522C91C47006998CB;
			remoteInfo = FirstAppleWatch;
		};
		5B2FF79622C91C48006998CB /* PBXContainerItemProxy */ = {
			isa = PBXContainerItemProxy;
			containerPortal = 5B2FF76E22C91C47006998CB /* Project object */;
			proxyType = 1;
			remoteGlobalIDString = 5B2FF77522C91C47006998CB;
			remoteInfo = FirstAppleWatch;
		};
		5B2FF7A022C91C48006998CB /* PBXContainerItemProxy */ = {
			isa = PBXContainerItemProxy;
			containerPortal = 5B2FF76E22C91C47006998CB /* Project object */;
			proxyType = 1;
			remoteGlobalIDString = 5B2FF79D22C91C48006998CB;
			remoteInfo = "FirstAppleWatch WatchKit App";
		};
		5B2FF7AF22C91C49006998CB /* PBXContainerItemProxy */ = {
			isa = PBXContainerItemProxy;
			containerPortal = 5B2FF76E22C91C47006998CB /* Project object */;
			proxyType = 1;
			remoteGlobalIDString = 5B2FF7AC22C91C49006998CB;
			remoteInfo = "FirstAppleWatch WatchKit Extension";
		};
/* End PBXContainerItemProxy section */

/* Begin PBXCopyFilesBuildPhase section */
		5B2FF7C122C91C49006998CB /* Embed App Extensions */ = {
			isa = PBXCopyFilesBuildPhase;
			buildActionMask = 2147483647;
			dstPath = "";
			dstSubfolderSpec = 13;
			files = (
				5B2FF7AE22C91C49006998CB /* FirstAppleWatch WatchKit Extension.appex in Embed App Extensions */,
			);
			name = "Embed App Extensions";
			runOnlyForDeploymentPostprocessing = 0;
		};
		5B2FF7C522C91C49006998CB /* Embed Watch Content */ = {
			isa = PBXCopyFilesBuildPhase;
			buildActionMask = 2147483647;
			dstPath = "$(CONTENTS_FOLDER_PATH)/Watch";
			dstSubfolderSpec = 16;
			files = (
				5B2FF79F22C91C48006998CB /* FirstAppleWatch WatchKit App.app in Embed Watch Content */,
			);
			name = "Embed Watch Content";
			runOnlyForDeploymentPostprocessing = 0;
		};
/* End PBXCopyFilesBuildPhase section */

/* Begin PBXFileReference section */
		5B2FF77622C91C47006998CB /* FirstAppleWatch.app */ = {isa = PBXFileReference; explicitFileType = wrapper.application; includeInIndex = 0; path = FirstAppleWatch.app; sourceTree = BUILT_PRODUCTS_DIR; };
		5B2FF77922C91C47006998CB /* AppDelegate.swift */ = {isa = PBXFileReference; lastKnownFileType = sourcecode.swift; path = AppDelegate.swift; sourceTree = "<group>"; };
		5B2FF77B22C91C47006998CB /* ViewController.swift */ = {isa = PBXFileReference; lastKnownFileType = sourcecode.swift; path = ViewController.swift; sourceTree = "<group>"; };
		5B2FF77E22C91C47006998CB /* Base */ = {isa = PBXFileReference; lastKnownFileType = file.storyboard; name = Base; path = Base.lproj/Main.storyboard; sourceTree = "<group>"; };
		5B2FF78022C91C48006998CB /* Assets.xcassets */ = {isa = PBXFileReference; lastKnownFileType = folder.assetcatalog; path = Assets.xcassets; sourceTree = "<group>"; };
		5B2FF78322C91C48006998CB /* Base */ = {isa = PBXFileReference; lastKnownFileType = file.storyboard; name = Base; path = Base.lproj/LaunchScreen.storyboard; sourceTree = "<group>"; };
		5B2FF78522C91C48006998CB /* Info.plist */ = {isa = PBXFileReference; lastKnownFileType = text.plist.xml; path = Info.plist; sourceTree = "<group>"; };
		5B2FF78A22C91C48006998CB /* FirstAppleWatchTests.xctest */ = {isa = PBXFileReference; explicitFileType = wrapper.cfbundle; includeInIndex = 0; path = FirstAppleWatchTests.xctest; sourceTree = BUILT_PRODUCTS_DIR; };
		5B2FF78E22C91C48006998CB /* FirstAppleWatchTests.swift */ = {isa = PBXFileReference; lastKnownFileType = sourcecode.swift; path = FirstAppleWatchTests.swift; sourceTree = "<group>"; };
		5B2FF79022C91C48006998CB /* Info.plist */ = {isa = PBXFileReference; lastKnownFileType = text.plist.xml; path = Info.plist; sourceTree = "<group>"; };
		5B2FF79522C91C48006998CB /* FirstAppleWatchUITests.xctest */ = {isa = PBXFileReference; explicitFileType = wrapper.cfbundle; includeInIndex = 0; path = FirstAppleWatchUITests.xctest; sourceTree = BUILT_PRODUCTS_DIR; };
		5B2FF79922C91C48006998CB /* FirstAppleWatchUITests.swift */ = {isa = PBXFileReference; lastKnownFileType = sourcecode.swift; path = FirstAppleWatchUITests.swift; sourceTree = "<group>"; };
		5B2FF79B22C91C48006998CB /* Info.plist */ = {isa = PBXFileReference; lastKnownFileType = text.plist.xml; path = Info.plist; sourceTree = "<group>"; };
		5B2FF79E22C91C48006998CB /* FirstAppleWatch WatchKit App.app */ = {isa = PBXFileReference; explicitFileType = wrapper.application; includeInIndex = 0; path = "FirstAppleWatch WatchKit App.app"; sourceTree = BUILT_PRODUCTS_DIR; };
		5B2FF7A422C91C48006998CB /* Base */ = {isa = PBXFileReference; lastKnownFileType = file.storyboard; name = Base; path = Base.lproj/Interface.storyboard; sourceTree = "<group>"; };
		5B2FF7A622C91C49006998CB /* Assets.xcassets */ = {isa = PBXFileReference; lastKnownFileType = folder.assetcatalog; path = Assets.xcassets; sourceTree = "<group>"; };
		5B2FF7A822C91C49006998CB /* Info.plist */ = {isa = PBXFileReference; lastKnownFileType = text.plist.xml; path = Info.plist; sourceTree = "<group>"; };
		5B2FF7AD22C91C49006998CB /* FirstAppleWatch WatchKit Extension.appex */ = {isa = PBXFileReference; explicitFileType = "wrapper.app-extension"; includeInIndex = 0; path = "FirstAppleWatch WatchKit Extension.appex"; sourceTree = BUILT_PRODUCTS_DIR; };
		5B2FF7B222C91C49006998CB /* InterfaceController.swift */ = {isa = PBXFileReference; lastKnownFileType = sourcecode.swift; path = InterfaceController.swift; sourceTree = "<group>"; };
		5B2FF7B422C91C49006998CB /* ExtensionDelegate.swift */ = {isa = PBXFileReference; lastKnownFileType = sourcecode.swift; path = ExtensionDelegate.swift; sourceTree = "<group>"; };
		5B2FF7B622C91C49006998CB /* NotificationController.swift */ = {isa = PBXFileReference; lastKnownFileType = sourcecode.swift; path = NotificationController.swift; sourceTree = "<group>"; };
		5B2FF7B822C91C49006998CB /* Assets.xcassets */ = {isa = PBXFileReference; lastKnownFileType = folder.assetcatalog; path = Assets.xcassets; sourceTree = "<group>"; };
		5B2FF7BA22C91C49006998CB /* Info.plist */ = {isa = PBXFileReference; lastKnownFileType = text.plist.xml; path = Info.plist; sourceTree = "<group>"; };
		5B2FF7BB22C91C49006998CB /* PushNotificationPayload.apns */ = {isa = PBXFileReference; lastKnownFileType = text; path = PushNotificationPayload.apns; sourceTree = "<group>"; };
/* End PBXFileReference section */

/* Begin PBXFrameworksBuildPhase section */
		5B2FF77322C91C47006998CB /* Frameworks */ = {
			isa = PBXFrameworksBuildPhase;
			buildActionMask = 2147483647;
			files = (
			);
			runOnlyForDeploymentPostprocessing = 0;
		};
		5B2FF78722C91C48006998CB /* Frameworks */ = {
			isa = PBXFrameworksBuildPhase;
			buildActionMask = 2147483647;
			files = (
			);
			runOnlyForDeploymentPostprocessing = 0;
		};
		5B2FF79222C91C48006998CB /* Frameworks */ = {
			isa = PBXFrameworksBuildPhase;
			buildActionMask = 2147483647;
			files = (
			);
			runOnlyForDeploymentPostprocessing = 0;
		};
		5B2FF7AA22C91C49006998CB /* Frameworks */ = {
			isa = PBXFrameworksBuildPhase;
			buildActionMask = 2147483647;
			files = (
			);
			runOnlyForDeploymentPostprocessing = 0;
		};
/* End PBXFrameworksBuildPhase section */

/* Begin PBXGroup section */
		5B2FF76D22C91C47006998CB = {
			isa = PBXGroup;
			children = (
				5B2FF77822C91C47006998CB /* FirstAppleWatch */,
				5B2FF78D22C91C48006998CB /* FirstAppleWatchTests */,
				5B2FF79822C91C48006998CB /* FirstAppleWatchUITests */,
				5B2FF7A222C91C48006998CB /* FirstAppleWatch WatchKit App */,
				5B2FF7B122C91C49006998CB /* FirstAppleWatch WatchKit Extension */,
				5B2FF77722C91C47006998CB /* Products */,
			);
			sourceTree = "<group>";
		};
		5B2FF77722C91C47006998CB /* Products */ = {
			isa = PBXGroup;
			children = (
				5B2FF77622C91C47006998CB /* FirstAppleWatch.app */,
				5B2FF78A22C91C48006998CB /* FirstAppleWatchTests.xctest */,
				5B2FF79522C91C48006998CB /* FirstAppleWatchUITests.xctest */,
				5B2FF79E22C91C48006998CB /* FirstAppleWatch WatchKit App.app */,
				5B2FF7AD22C91C49006998CB /* FirstAppleWatch WatchKit Extension.appex */,
			);
			name = Products;
			sourceTree = "<group>";
		};
		5B2FF77822C91C47006998CB /* FirstAppleWatch */ = {
			isa = PBXGroup;
			children = (
				5B2FF77922C91C47006998CB /* AppDelegate.swift */,
				5B2FF77B22C91C47006998CB /* ViewController.swift */,
				5B2FF77D22C91C47006998CB /* Main.storyboard */,
				5B2FF78022C91C48006998CB /* Assets.xcassets */,
				5B2FF78222C91C48006998CB /* LaunchScreen.storyboard */,
				5B2FF78522C91C48006998CB /* Info.plist */,
			);
			path = FirstAppleWatch;
			sourceTree = "<group>";
		};
		5B2FF78D22C91C48006998CB /* FirstAppleWatchTests */ = {
			isa = PBXGroup;
			children = (
				5B2FF78E22C91C48006998CB /* FirstAppleWatchTests.swift */,
				5B2FF79022C91C48006998CB /* Info.plist */,
			);
			path = FirstAppleWatchTests;
			sourceTree = "<group>";
		};
		5B2FF79822C91C48006998CB /* FirstAppleWatchUITests */ = {
			isa = PBXGroup;
			children = (
				5B2FF79922C91C48006998CB /* FirstAppleWatchUITests.swift */,
				5B2FF79B22C91C48006998CB /* Info.plist */,
			);
			path = FirstAppleWatchUITests;
			sourceTree = "<group>";
		};
		5B2FF7A222C91C48006998CB /* FirstAppleWatch WatchKit App */ = {
			isa = PBXGroup;
			children = (
				5B2FF7A322C91C48006998CB /* Interface.storyboard */,
				5B2FF7A622C91C49006998CB /* Assets.xcassets */,
				5B2FF7A822C91C49006998CB /* Info.plist */,
			);
			path = "FirstAppleWatch WatchKit App";
			sourceTree = "<group>";
		};
		5B2FF7B122C91C49006998CB /* FirstAppleWatch WatchKit Extension */ = {
			isa = PBXGroup;
			children = (
				5B2FF7B222C91C49006998CB /* InterfaceController.swift */,
				5B2FF7B422C91C49006998CB /* ExtensionDelegate.swift */,
				5B2FF7B622C91C49006998CB /* NotificationController.swift */,
				5B2FF7B822C91C49006998CB /* Assets.xcassets */,
				5B2FF7BA22C91C49006998CB /* Info.plist */,
				5B2FF7BB22C91C49006998CB /* PushNotificationPayload.apns */,
			);
			path = "FirstAppleWatch WatchKit Extension";
			sourceTree = "<group>";
		};
/* End PBXGroup section */

/* Begin PBXNativeTarget section */
		5B2FF77522C91C47006998CB /* FirstAppleWatch */ = {
			isa = PBXNativeTarget;
			buildConfigurationList = 5B2FF7C622C91C49006998CB /* Build configuration list for PBXNativeTarget "FirstAppleWatch" */;
			buildPhases = (
				5B2FF77222C91C47006998CB /* Sources */,
				5B2FF77322C91C47006998CB /* Frameworks */,
				5B2FF77422C91C47006998CB /* Resources */,
				5B2FF7C522C91C49006998CB /* Embed Watch Content */,
			);
			buildRules = (
			);
			dependencies = (
				5B2FF7A122C91C48006998CB /* PBXTargetDependency */,
			);
			name = FirstAppleWatch;
			productName = FirstAppleWatch;
			productReference = 5B2FF77622C91C47006998CB /* FirstAppleWatch.app */;
			productType = "com.apple.product-type.application";
		};
		5B2FF78922C91C48006998CB /* FirstAppleWatchTests */ = {
			isa = PBXNativeTarget;
			buildConfigurationList = 5B2FF7C922C91C49006998CB /* Build configuration list for PBXNativeTarget "FirstAppleWatchTests" */;
			buildPhases = (
				5B2FF78622C91C48006998CB /* Sources */,
				5B2FF78722C91C48006998CB /* Frameworks */,
				5B2FF78822C91C48006998CB /* Resources */,
			);
			buildRules = (
			);
			dependencies = (
				5B2FF78C22C91C48006998CB /* PBXTargetDependency */,
			);
			name = FirstAppleWatchTests;
			productName = FirstAppleWatchTests;
			productReference = 5B2FF78A22C91C48006998CB /* FirstAppleWatchTests.xctest */;
			productType = "com.apple.product-type.bundle.unit-test";
		};
		5B2FF79422C91C48006998CB /* FirstAppleWatchUITests */ = {
			isa = PBXNativeTarget;
			buildConfigurationList = 5B2FF7CC22C91C49006998CB /* Build configuration list for PBXNativeTarget "FirstAppleWatchUITests" */;
			buildPhases = (
				5B2FF79122C91C48006998CB /* Sources */,
				5B2FF79222C91C48006998CB /* Frameworks */,
				5B2FF79322C91C48006998CB /* Resources */,
			);
			buildRules = (
			);
			dependencies = (
				5B2FF79722C91C48006998CB /* PBXTargetDependency */,
			);
			name = FirstAppleWatchUITests;
			productName = FirstAppleWatchUITests;
			productReference = 5B2FF79522C91C48006998CB /* FirstAppleWatchUITests.xctest */;
			productType = "com.apple.product-type.bundle.ui-testing";
		};
		5B2FF79D22C91C48006998CB /* FirstAppleWatch WatchKit App */ = {
			isa = PBXNativeTarget;
			buildConfigurationList = 5B2FF7C222C91C49006998CB /* Build configuration list for PBXNativeTarget "FirstAppleWatch WatchKit App" */;
			buildPhases = (
				5B2FF79C22C91C48006998CB /* Resources */,
				5B2FF7C122C91C49006998CB /* Embed App Extensions */,
			);
			buildRules = (
			);
			dependencies = (
				5B2FF7B022C91C49006998CB /* PBXTargetDependency */,
			);
			name = "FirstAppleWatch WatchKit App";
			productName = "FirstAppleWatch WatchKit App";
			productReference = 5B2FF79E22C91C48006998CB /* FirstAppleWatch WatchKit App.app */;
			productType = "com.apple.product-type.application.watchapp2";
		};
		5B2FF7AC22C91C49006998CB /* FirstAppleWatch WatchKit Extension */ = {
			isa = PBXNativeTarget;
			buildConfigurationList = 5B2FF7BE22C91C49006998CB /* Build configuration list for PBXNativeTarget "FirstAppleWatch WatchKit Extension" */;
			buildPhases = (
				5B2FF7A922C91C49006998CB /* Sources */,
				5B2FF7AA22C91C49006998CB /* Frameworks */,
				5B2FF7AB22C91C49006998CB /* Resources */,
			);
			buildRules = (
			);
			dependencies = (
			);
			name = "FirstAppleWatch WatchKit Extension";
			productName = "FirstAppleWatch WatchKit Extension";
			productReference = 5B2FF7AD22C91C49006998CB /* FirstAppleWatch WatchKit Extension.appex */;
			productType = "com.apple.product-type.watchkit2-extension";
		};
/* End PBXNativeTarget section */

/* Begin PBXProject section */
		5B2FF76E22C91C47006998CB /* Project object */ = {
			isa = PBXProject;
			attributes = {
				LastSwiftUpdateCheck = 1020;
				LastUpgradeCheck = 1020;
				ORGANIZATIONNAME = "Aleksey Zolotarenko";
				TargetAttributes = {
					5B2FF77522C91C47006998CB = {
						CreatedOnToolsVersion = 10.2.1;
					};
					5B2FF78922C91C48006998CB = {
						CreatedOnToolsVersion = 10.2.1;
						TestTargetID = 5B2FF77522C91C47006998CB;
					};
					5B2FF79422C91C48006998CB = {
						CreatedOnToolsVersion = 10.2.1;
						TestTargetID = 5B2FF77522C91C47006998CB;
					};
					5B2FF79D22C91C48006998CB = {
						CreatedOnToolsVersion = 10.2.1;
					};
					5B2FF7AC22C91C49006998CB = {
						CreatedOnToolsVersion = 10.2.1;
					};
				};
			};
			buildConfigurationList = 5B2FF77122C91C47006998CB /* Build configuration list for PBXProject "FirstAppleWatch" */;
			compatibilityVersion = "Xcode 9.3";
			developmentRegion = en;
			hasScannedForEncodings = 0;
			knownRegions = (
				en,
				Base,
			);
			mainGroup = 5B2FF76D22C91C47006998CB;
			productRefGroup = 5B2FF77722C91C47006998CB /* Products */;
			projectDirPath = "";
			projectRoot = "";
			targets = (
				5B2FF77522C91C47006998CB /* FirstAppleWatch */,
				5B2FF78922C91C48006998CB /* FirstAppleWatchTests */,
				5B2FF79422C91C48006998CB /* FirstAppleWatchUITests */,
				5B2FF79D22C91C48006998CB /* FirstAppleWatch WatchKit App */,
				5B2FF7AC22C91C49006998CB /* FirstAppleWatch WatchKit Extension */,
			);
		};
/* End PBXProject section */

/* Begin PBXResourcesBuildPhase section */
		5B2FF77422C91C47006998CB /* Resources */ = {
			isa = PBXResourcesBuildPhase;
			buildActionMask = 2147483647;
			files = (
				5B2FF78422C91C48006998CB /* LaunchScreen.storyboard in Resources */,
				5B2FF78122C91C48006998CB /* Assets.xcassets in Resources */,
				5B2FF77F22C91C47006998CB /* Main.storyboard in Resources */,
			);
			runOnlyForDeploymentPostprocessing = 0;
		};
		5B2FF78822C91C48006998CB /* Resources */ = {
			isa = PBXResourcesBuildPhase;
			buildActionMask = 2147483647;
			files = (
			);
			runOnlyForDeploymentPostprocessing = 0;
		};
		5B2FF79322C91C48006998CB /* Resources */ = {
			isa = PBXResourcesBuildPhase;
			buildActionMask = 2147483647;
			files = (
			);
			runOnlyForDeploymentPostprocessing = 0;
		};
		5B2FF79C22C91C48006998CB /* Resources */ = {
			isa = PBXResourcesBuildPhase;
			buildActionMask = 2147483647;
			files = (
				5B2FF7A722C91C49006998CB /* Assets.xcassets in Resources */,
				5B2FF7A522C91C48006998CB /* Interface.storyboard in Resources */,
			);
			runOnlyForDeploymentPostprocessing = 0;
		};
		5B2FF7AB22C91C49006998CB /* Resources */ = {
			isa = PBXResourcesBuildPhase;
			buildActionMask = 2147483647;
			files = (
				5B2FF7B922C91C49006998CB /* Assets.xcassets in Resources */,
			);
			runOnlyForDeploymentPostprocessing = 0;
		};
/* End PBXResourcesBuildPhase section */

/* Begin PBXSourcesBuildPhase section */
		5B2FF77222C91C47006998CB /* Sources */ = {
			isa = PBXSourcesBuildPhase;
			buildActionMask = 2147483647;
			files = (
				5B2FF77C22C91C47006998CB /* ViewController.swift in Sources */,
				5B2FF77A22C91C47006998CB /* AppDelegate.swift in Sources */,
			);
			runOnlyForDeploymentPostprocessing = 0;
		};
		5B2FF78622C91C48006998CB /* Sources */ = {
			isa = PBXSourcesBuildPhase;
			buildActionMask = 2147483647;
			files = (
				5B2FF78F22C91C48006998CB /* FirstAppleWatchTests.swift in Sources */,
			);
			runOnlyForDeploymentPostprocessing = 0;
		};
		5B2FF79122C91C48006998CB /* Sources */ = {
			isa = PBXSourcesBuildPhase;
			buildActionMask = 2147483647;
			files = (
				5B2FF79A22C91C48006998CB /* FirstAppleWatchUITests.swift in Sources */,
			);
			runOnlyForDeploymentPostprocessing = 0;
		};
		5B2FF7A922C91C49006998CB /* Sources */ = {
			isa = PBXSourcesBuildPhase;
			buildActionMask = 2147483647;
			files = (
				5B2FF7B722C91C49006998CB /* NotificationController.swift in Sources */,
				5B2FF7B522C91C49006998CB /* ExtensionDelegate.swift in Sources */,
				5B2FF7B322C91C49006998CB /* InterfaceController.swift in Sources */,
			);
			runOnlyForDeploymentPostprocessing = 0;
		};
/* End PBXSourcesBuildPhase section */

/* Begin PBXTargetDependency section */
		5B2FF78C22C91C48006998CB /* PBXTargetDependency */ = {
			isa = PBXTargetDependency;
			target = 5B2FF77522C91C47006998CB /* FirstAppleWatch */;
			targetProxy = 5B2FF78B22C91C48006998CB /* PBXContainerItemProxy */;
		};
		5B2FF79722C91C48006998CB /* PBXTargetDependency */ = {
			isa = PBXTargetDependency;
			target = 5B2FF77522C91C47006998CB /* FirstAppleWatch */;
			targetProxy = 5B2FF79622C91C48006998CB /* PBXContainerItemProxy */;
		};
		5B2FF7A122C91C48006998CB /* PBXTargetDependency */ = {
			isa = PBXTargetDependency;
			target = 5B2FF79D22C91C48006998CB /* FirstAppleWatch WatchKit App */;
			targetProxy = 5B2FF7A022C91C48006998CB /* PBXContainerItemProxy */;
		};
		5B2FF7B022C91C49006998CB /* PBXTargetDependency */ = {
			isa = PBXTargetDependency;
			target = 5B2FF7AC22C91C49006998CB /* FirstAppleWatch WatchKit Extension */;
			targetProxy = 5B2FF7AF22C91C49006998CB /* PBXContainerItemProxy */;
		};
/* End PBXTargetDependency section */

/* Begin PBXVariantGroup section */
		5B2FF77D22C91C47006998CB /* Main.storyboard */ = {
			isa = PBXVariantGroup;
			children = (
				5B2FF77E22C91C47006998CB /* Base */,
			);
			name = Main.storyboard;
			sourceTree = "<group>";
		};
		5B2FF78222C91C48006998CB /* LaunchScreen.storyboard */ = {
			isa = PBXVariantGroup;
			children = (
				5B2FF78322C91C48006998CB /* Base */,
			);
			name = LaunchScreen.storyboard;
			sourceTree = "<group>";
		};
		5B2FF7A322C91C48006998CB /* Interface.storyboard */ = {
			isa = PBXVariantGroup;
			children = (
				5B2FF7A422C91C48006998CB /* Base */,
			);
			name = Interface.storyboard;
			sourceTree = "<group>";
		};
/* End PBXVariantGroup section */

/* Begin XCBuildConfiguration section */
		5B2FF7BC22C91C49006998CB /* Debug */ = {
			isa = XCBuildConfiguration;
			buildSettings = {
				ALWAYS_SEARCH_USER_PATHS = NO;
				CLANG_ANALYZER_NONNULL = YES;
				CLANG_ANALYZER_NUMBER_OBJECT_CONVERSION = YES_AGGRESSIVE;
				CLANG_CXX_LANGUAGE_STANDARD = "gnu++14";
				CLANG_CXX_LIBRARY = "libc++";
				CLANG_ENABLE_MODULES = YES;
				CLANG_ENABLE_OBJC_ARC = YES;
				CLANG_ENABLE_OBJC_WEAK = YES;
				CLANG_WARN_BLOCK_CAPTURE_AUTORELEASING = YES;
				CLANG_WARN_BOOL_CONVERSION = YES;
				CLANG_WARN_COMMA = YES;
				CLANG_WARN_CONSTANT_CONVERSION = YES;
				CLANG_WARN_DEPRECATED_OBJC_IMPLEMENTATIONS = YES;
				CLANG_WARN_DIRECT_OBJC_ISA_USAGE = YES_ERROR;
				CLANG_WARN_DOCUMENTATION_COMMENTS = YES;
				CLANG_WARN_EMPTY_BODY = YES;
				CLANG_WARN_ENUM_CONVERSION = YES;
				CLANG_WARN_INFINITE_RECURSION = YES;
				CLANG_WARN_INT_CONVERSION = YES;
				CLANG_WARN_NON_LITERAL_NULL_CONVERSION = YES;
				CLANG_WARN_OBJC_IMPLICIT_RETAIN_SELF = YES;
				CLANG_WARN_OBJC_LITERAL_CONVERSION = YES;
				CLANG_WARN_OBJC_ROOT_CLASS = YES_ERROR;
				CLANG_WARN_RANGE_LOOP_ANALYSIS = YES;
				CLANG_WARN_STRICT_PROTOTYPES = YES;
				CLANG_WARN_SUSPICIOUS_MOVE = YES;
				CLANG_WARN_UNGUARDED_AVAILABILITY = YES_AGGRESSIVE;
				CLANG_WARN_UNREACHABLE_CODE = YES;
				CLANG_WARN__DUPLICATE_METHOD_MATCH = YES;
				CODE_SIGN_IDENTITY = "iPhone Developer";
				COPY_PHASE_STRIP = NO;
				DEBUG_INFORMATION_FORMAT = dwarf;
				ENABLE_STRICT_OBJC_MSGSEND = YES;
				ENABLE_TESTABILITY = YES;
				GCC_C_LANGUAGE_STANDARD = gnu11;
				GCC_DYNAMIC_NO_PIC = NO;
				GCC_NO_COMMON_BLOCKS = YES;
				GCC_OPTIMIZATION_LEVEL = 0;
				GCC_PREPROCESSOR_DEFINITIONS = (
					"DEBUG=1",
					"$(inherited)",
				);
				GCC_WARN_64_TO_32_BIT_CONVERSION = YES;
				GCC_WARN_ABOUT_RETURN_TYPE = YES_ERROR;
				GCC_WARN_UNDECLARED_SELECTOR = YES;
				GCC_WARN_UNINITIALIZED_AUTOS = YES_AGGRESSIVE;
				GCC_WARN_UNUSED_FUNCTION = YES;
				GCC_WARN_UNUSED_VARIABLE = YES;
				IPHONEOS_DEPLOYMENT_TARGET = 12.2;
				MTL_ENABLE_DEBUG_INFO = INCLUDE_SOURCE;
				MTL_FAST_MATH = YES;
				ONLY_ACTIVE_ARCH = YES;
				SDKROOT = iphoneos;
				SWIFT_ACTIVE_COMPILATION_CONDITIONS = DEBUG;
				SWIFT_OPTIMIZATION_LEVEL = "-Onone";
			};
			name = Debug;
		};
		5B2FF7BD22C91C49006998CB /* Release */ = {
			isa = XCBuildConfiguration;
			buildSettings = {
				ALWAYS_SEARCH_USER_PATHS = NO;
				CLANG_ANALYZER_NONNULL = YES;
				CLANG_ANALYZER_NUMBER_OBJECT_CONVERSION = YES_AGGRESSIVE;
				CLANG_CXX_LANGUAGE_STANDARD = "gnu++14";
				CLANG_CXX_LIBRARY = "libc++";
				CLANG_ENABLE_MODULES = YES;
				CLANG_ENABLE_OBJC_ARC = YES;
				CLANG_ENABLE_OBJC_WEAK = YES;
				CLANG_WARN_BLOCK_CAPTURE_AUTORELEASING = YES;
				CLANG_WARN_BOOL_CONVERSION = YES;
				CLANG_WARN_COMMA = YES;
				CLANG_WARN_CONSTANT_CONVERSION = YES;
				CLANG_WARN_DEPRECATED_OBJC_IMPLEMENTATIONS = YES;
				CLANG_WARN_DIRECT_OBJC_ISA_USAGE = YES_ERROR;
				CLANG_WARN_DOCUMENTATION_COMMENTS = YES;
				CLANG_WARN_EMPTY_BODY = YES;
				CLANG_WARN_ENUM_CONVERSION = YES;
				CLANG_WARN_INFINITE_RECURSION = YES;
				CLANG_WARN_INT_CONVERSION = YES;
				CLANG_WARN_NON_LITERAL_NULL_CONVERSION = YES;
				CLANG_WARN_OBJC_IMPLICIT_RETAIN_SELF = YES;
				CLANG_WARN_OBJC_LITERAL_CONVERSION = YES;
				CLANG_WARN_OBJC_ROOT_CLASS = YES_ERROR;
				CLANG_WARN_RANGE_LOOP_ANALYSIS = YES;
				CLANG_WARN_STRICT_PROTOTYPES = YES;
				CLANG_WARN_SUSPICIOUS_MOVE = YES;
				CLANG_WARN_UNGUARDED_AVAILABILITY = YES_AGGRESSIVE;
				CLANG_WARN_UNREACHABLE_CODE = YES;
				CLANG_WARN__DUPLICATE_METHOD_MATCH = YES;
				CODE_SIGN_IDENTITY = "iPhone Developer";
				COPY_PHASE_STRIP = NO;
				DEBUG_INFORMATION_FORMAT = "dwarf-with-dsym";
				ENABLE_NS_ASSERTIONS = NO;
				ENABLE_STRICT_OBJC_MSGSEND = YES;
				GCC_C_LANGUAGE_STANDARD = gnu11;
				GCC_NO_COMMON_BLOCKS = YES;
				GCC_WARN_64_TO_32_BIT_CONVERSION = YES;
				GCC_WARN_ABOUT_RETURN_TYPE = YES_ERROR;
				GCC_WARN_UNDECLARED_SELECTOR = YES;
				GCC_WARN_UNINITIALIZED_AUTOS = YES_AGGRESSIVE;
				GCC_WARN_UNUSED_FUNCTION = YES;
				GCC_WARN_UNUSED_VARIABLE = YES;
				IPHONEOS_DEPLOYMENT_TARGET = 12.2;
				MTL_ENABLE_DEBUG_INFO = NO;
				MTL_FAST_MATH = YES;
				SDKROOT = iphoneos;
				SWIFT_COMPILATION_MODE = wholemodule;
				SWIFT_OPTIMIZATION_LEVEL = "-O";
				VALIDATE_PRODUCT = YES;
			};
			name = Release;
		};
		5B2FF7BF22C91C49006998CB /* Debug */ = {
			isa = XCBuildConfiguration;
			buildSettings = {
				ASSETCATALOG_COMPILER_COMPLICATION_NAME = Complication;
				CODE_SIGN_STYLE = Automatic;
				DEVELOPMENT_TEAM = YMGPZFBT2H;
				INFOPLIST_FILE = "FirstAppleWatch WatchKit Extension/Info.plist";
				LD_RUNPATH_SEARCH_PATHS = (
					"$(inherited)",
					"@executable_path/Frameworks",
					"@executable_path/../../Frameworks",
				);
				PRODUCT_BUNDLE_IDENTIFIER = "-23.FirstAppleWatch.watchkitapp.watchkitextension";
				PRODUCT_NAME = "${TARGET_NAME}";
				SDKROOT = watchos;
				SKIP_INSTALL = YES;
				SWIFT_VERSION = 5.0;
				TARGETED_DEVICE_FAMILY = 4;
				WATCHOS_DEPLOYMENT_TARGET = 5.2;
			};
			name = Debug;
		};
		5B2FF7C022C91C49006998CB /* Release */ = {
			isa = XCBuildConfiguration;
			buildSettings = {
				ASSETCATALOG_COMPILER_COMPLICATION_NAME = Complication;
				CODE_SIGN_STYLE = Automatic;
				DEVELOPMENT_TEAM = YMGPZFBT2H;
				INFOPLIST_FILE = "FirstAppleWatch WatchKit Extension/Info.plist";
				LD_RUNPATH_SEARCH_PATHS = (
					"$(inherited)",
					"@executable_path/Frameworks",
					"@executable_path/../../Frameworks",
				);
				PRODUCT_BUNDLE_IDENTIFIER = "-23.FirstAppleWatch.watchkitapp.watchkitextension";
				PRODUCT_NAME = "${TARGET_NAME}";
				SDKROOT = watchos;
				SKIP_INSTALL = YES;
				SWIFT_VERSION = 5.0;
				TARGETED_DEVICE_FAMILY = 4;
				WATCHOS_DEPLOYMENT_TARGET = 5.2;
			};
			name = Release;
		};
		5B2FF7C322C91C49006998CB /* Debug */ = {
			isa = XCBuildConfiguration;
			buildSettings = {
				ALWAYS_EMBED_SWIFT_STANDARD_LIBRARIES = YES;
				ASSETCATALOG_COMPILER_APPICON_NAME = AppIcon;
				CODE_SIGN_STYLE = Automatic;
				DEVELOPMENT_TEAM = YMGPZFBT2H;
				IBSC_MODULE = FirstAppleWatch_WatchKit_Extension;
				INFOPLIST_FILE = "FirstAppleWatch WatchKit App/Info.plist";
				PRODUCT_BUNDLE_IDENTIFIER = "-23.FirstAppleWatch.watchkitapp";
				PRODUCT_NAME = "$(TARGET_NAME)";
				SDKROOT = watchos;
				SKIP_INSTALL = YES;
				SWIFT_VERSION = 5.0;
				TARGETED_DEVICE_FAMILY = 4;
				WATCHOS_DEPLOYMENT_TARGET = 5.2;
			};
			name = Debug;
		};
		5B2FF7C422C91C49006998CB /* Release */ = {
			isa = XCBuildConfiguration;
			buildSettings = {
				ALWAYS_EMBED_SWIFT_STANDARD_LIBRARIES = YES;
				ASSETCATALOG_COMPILER_APPICON_NAME = AppIcon;
				CODE_SIGN_STYLE = Automatic;
				DEVELOPMENT_TEAM = YMGPZFBT2H;
				IBSC_MODULE = FirstAppleWatch_WatchKit_Extension;
				INFOPLIST_FILE = "FirstAppleWatch WatchKit App/Info.plist";
				PRODUCT_BUNDLE_IDENTIFIER = "-23.FirstAppleWatch.watchkitapp";
				PRODUCT_NAME = "$(TARGET_NAME)";
				SDKROOT = watchos;
				SKIP_INSTALL = YES;
				SWIFT_VERSION = 5.0;
				TARGETED_DEVICE_FAMILY = 4;
				WATCHOS_DEPLOYMENT_TARGET = 5.2;
			};
			name = Release;
		};
		5B2FF7C722C91C49006998CB /* Debug */ = {
			isa = XCBuildConfiguration;
			buildSettings = {
				ASSETCATALOG_COMPILER_APPICON_NAME = AppIcon;
				CODE_SIGN_STYLE = Automatic;
				DEVELOPMENT_TEAM = YMGPZFBT2H;
				INFOPLIST_FILE = FirstAppleWatch/Info.plist;
				LD_RUNPATH_SEARCH_PATHS = (
					"$(inherited)",
					"@executable_path/Frameworks",
				);
				PRODUCT_BUNDLE_IDENTIFIER = "-23.FirstAppleWatch";
				PRODUCT_NAME = "$(TARGET_NAME)";
				SWIFT_VERSION = 5.0;
				TARGETED_DEVICE_FAMILY = "1,2";
			};
			name = Debug;
		};
		5B2FF7C822C91C49006998CB /* Release */ = {
			isa = XCBuildConfiguration;
			buildSettings = {
				ASSETCATALOG_COMPILER_APPICON_NAME = AppIcon;
				CODE_SIGN_STYLE = Automatic;
				DEVELOPMENT_TEAM = YMGPZFBT2H;
				INFOPLIST_FILE = FirstAppleWatch/Info.plist;
				LD_RUNPATH_SEARCH_PATHS = (
					"$(inherited)",
					"@executable_path/Frameworks",
				);
				PRODUCT_BUNDLE_IDENTIFIER = "-23.FirstAppleWatch";
				PRODUCT_NAME = "$(TARGET_NAME)";
				SWIFT_VERSION = 5.0;
				TARGETED_DEVICE_FAMILY = "1,2";
			};
			name = Release;
		};
		5B2FF7CA22C91C49006998CB /* Debug */ = {
			isa = XCBuildConfiguration;
			buildSettings = {
				ALWAYS_EMBED_SWIFT_STANDARD_LIBRARIES = YES;
				BUNDLE_LOADER = "$(TEST_HOST)";
				CODE_SIGN_STYLE = Automatic;
				DEVELOPMENT_TEAM = YMGPZFBT2H;
				INFOPLIST_FILE = FirstAppleWatchTests/Info.plist;
				LD_RUNPATH_SEARCH_PATHS = (
					"$(inherited)",
					"@executable_path/Frameworks",
					"@loader_path/Frameworks",
				);
				PRODUCT_BUNDLE_IDENTIFIER = "-23.FirstAppleWatchTests";
				PRODUCT_NAME = "$(TARGET_NAME)";
				SWIFT_VERSION = 5.0;
				TARGETED_DEVICE_FAMILY = "1,2";
				TEST_HOST = "$(BUILT_PRODUCTS_DIR)/FirstAppleWatch.app/FirstAppleWatch";
			};
			name = Debug;
		};
		5B2FF7CB22C91C49006998CB /* Release */ = {
			isa = XCBuildConfiguration;
			buildSettings = {
				ALWAYS_EMBED_SWIFT_STANDARD_LIBRARIES = YES;
				BUNDLE_LOADER = "$(TEST_HOST)";
				CODE_SIGN_STYLE = Automatic;
				DEVELOPMENT_TEAM = YMGPZFBT2H;
				INFOPLIST_FILE = FirstAppleWatchTests/Info.plist;
				LD_RUNPATH_SEARCH_PATHS = (
					"$(inherited)",
					"@executable_path/Frameworks",
					"@loader_path/Frameworks",
				);
				PRODUCT_BUNDLE_IDENTIFIER = "-23.FirstAppleWatchTests";
				PRODUCT_NAME = "$(TARGET_NAME)";
				SWIFT_VERSION = 5.0;
				TARGETED_DEVICE_FAMILY = "1,2";
				TEST_HOST = "$(BUILT_PRODUCTS_DIR)/FirstAppleWatch.app/FirstAppleWatch";
			};
			name = Release;
		};
		5B2FF7CD22C91C49006998CB /* Debug */ = {
			isa = XCBuildConfiguration;
			buildSettings = {
				ALWAYS_EMBED_SWIFT_STANDARD_LIBRARIES = YES;
				CODE_SIGN_STYLE = Automatic;
				DEVELOPMENT_TEAM = YMGPZFBT2H;
				INFOPLIST_FILE = FirstAppleWatchUITests/Info.plist;
				LD_RUNPATH_SEARCH_PATHS = (
					"$(inherited)",
					"@executable_path/Frameworks",
					"@loader_path/Frameworks",
				);
				PRODUCT_BUNDLE_IDENTIFIER = "-23.FirstAppleWatchUITests";
				PRODUCT_NAME = "$(TARGET_NAME)";
				SWIFT_VERSION = 5.0;
				TARGETED_DEVICE_FAMILY = "1,2";
				TEST_TARGET_NAME = FirstAppleWatch;
			};
			name = Debug;
		};
		5B2FF7CE22C91C49006998CB /* Release */ = {
			isa = XCBuildConfiguration;
			buildSettings = {
				ALWAYS_EMBED_SWIFT_STANDARD_LIBRARIES = YES;
				CODE_SIGN_STYLE = Automatic;
				DEVELOPMENT_TEAM = YMGPZFBT2H;
				INFOPLIST_FILE = FirstAppleWatchUITests/Info.plist;
				LD_RUNPATH_SEARCH_PATHS = (
					"$(inherited)",
					"@executable_path/Frameworks",
					"@loader_path/Frameworks",
				);
				PRODUCT_BUNDLE_IDENTIFIER = "-23.FirstAppleWatchUITests";
				PRODUCT_NAME = "$(TARGET_NAME)";
				SWIFT_VERSION = 5.0;
				TARGETED_DEVICE_FAMILY = "1,2";
				TEST_TARGET_NAME = FirstAppleWatch;
			};
			name = Release;
		};
/* End XCBuildConfiguration section */

/* Begin XCConfigurationList section */
		5B2FF77122C91C47006998CB /* Build configuration list for PBXProject "FirstAppleWatch" */ = {
			isa = XCConfigurationList;
			buildConfigurations = (
				5B2FF7BC22C91C49006998CB /* Debug */,
				5B2FF7BD22C91C49006998CB /* Release */,
			);
			defaultConfigurationIsVisible = 0;
			defaultConfigurationName = Release;
		};
		5B2FF7BE22C91C49006998CB /* Build configuration list for PBXNativeTarget "FirstAppleWatch WatchKit Extension" */ = {
			isa = XCConfigurationList;
			buildConfigurations = (
				5B2FF7BF22C91C49006998CB /* Debug */,
				5B2FF7C022C91C49006998CB /* Release */,
			);
			defaultConfigurationIsVisible = 0;
			defaultConfigurationName = Release;
		};
		5B2FF7C222C91C49006998CB /* Build configuration list for PBXNativeTarget "FirstAppleWatch WatchKit App" */ = {
			isa = XCConfigurationList;
			buildConfigurations = (
				5B2FF7C322C91C49006998CB /* Debug */,
				5B2FF7C422C91C49006998CB /* Release */,
			);
			defaultConfigurationIsVisible = 0;
			defaultConfigurationName = Release;
		};
		5B2FF7C622C91C49006998CB /* Build configuration list for PBXNativeTarget "FirstAppleWatch" */ = {
			isa = XCConfigurationList;
			buildConfigurations = (
				5B2FF7C722C91C49006998CB /* Debug */,
				5B2FF7C822C91C49006998CB /* Release */,
			);
			defaultConfigurationIsVisible = 0;
			defaultConfigurationName = Release;
		};
		5B2FF7C922C91C49006998CB /* Build configuration list for PBXNativeTarget "FirstAppleWatchTests" */ = {
			isa = XCConfigurationList;
			buildConfigurations = (
				5B2FF7CA22C91C49006998CB /* Debug */,
				5B2FF7CB22C91C49006998CB /* Release */,
			);
			defaultConfigurationIsVisible = 0;
			defaultConfigurationName = Release;
		};
		5B2FF7CC22C91C49006998CB /* Build configuration list for PBXNativeTarget "FirstAppleWatchUITests" */ = {
			isa = XCConfigurationList;
			buildConfigurations = (
				5B2FF7CD22C91C49006998CB /* Debug */,
				5B2FF7CE22C91C49006998CB /* Release */,
			);
			defaultConfigurationIsVisible = 0;
			defaultConfigurationName = Release;
		};
/* End XCConfigurationList section */
	};
	rootObject = 5B2FF76E22C91C47006998CB /* Project object */;
}
