
Microsoft Visual Studio Solution File, Format Version 12.00
# Visual Studio 15
VisualStudioVersion = 15.0.26730.3
MinimumVisualStudioVersion = 10.0.40219.1
Project("{2150E333-8FDC-42A3-9474-1A3956D46DE8}") = "src", "src", "{2A07BAD3-7E43-4997-A849-65FDAED374A7}"
EndProject
Project("{2150E333-8FDC-42A3-9474-1A3956D46DE8}") = "Solution Items", "Solution Items", "{ABC5B6DF-B665-4A43-8F0C-275FE19E6AA5}"
	ProjectSection(SolutionItems) = preProject
		src\ASP.NET%2520Core%2520API%2520-%2520module%25202.postman_collection.json = src\ASP.NET%2520Core%2520API%2520-%2520module%25202.postman_collection.json
	EndProjectSection
EndProject
Project("{FAE04EC0-301F-11D3-BF4B-00C04F79EFBC}") = "CityInfo.API", "src\CityInfo.API\CityInfo.API.csproj", "{C3644E1D-348C-4466-8EE0-567D113CD82A}"
EndProject
Global
	GlobalSection(SolutionConfigurationPlatforms) = preSolution
		Debug|Any CPU = Debug|Any CPU
		Release|Any CPU = Release|Any CPU
	EndGlobalSection
	GlobalSection(ProjectConfigurationPlatforms) = postSolution
		{C3644E1D-348C-4466-8EE0-567D113CD82A}.Debug|Any CPU.ActiveCfg = Debug|Any CPU
		{C3644E1D-348C-4466-8EE0-567D113CD82A}.Debug|Any CPU.Build.0 = Debug|Any CPU
		{C3644E1D-348C-4466-8EE0-567D113CD82A}.Release|Any CPU.ActiveCfg = Release|Any CPU
		{C3644E1D-348C-4466-8EE0-567D113CD82A}.Release|Any CPU.Build.0 = Release|Any CPU
	EndGlobalSection
	GlobalSection(SolutionProperties) = preSolution
		HideSolutionNode = FALSE
	EndGlobalSection
	GlobalSection(NestedProjects) = preSolution
		{C3644E1D-348C-4466-8EE0-567D113CD82A} = {2A07BAD3-7E43-4997-A849-65FDAED374A7}
	EndGlobalSection
	GlobalSection(ExtensibilityGlobals) = postSolution
		SolutionGuid = {709F3D5E-1BC4-41E3-8543-6C4ACF10D68D}
	EndGlobalSection
EndGlobal
